
Microsoft Visual Studio Solution File, Format Version 12.00
# Visual Studio Version 17
VisualStudioVersion = 17.4.33110.190
MinimumVisualStudioVersion = 10.0.40219.1
Project("{FAE04EC0-301F-11D3-BF4B-00C04F79EFBC}") = "PROYECTO FINAL NUEVO", "PROYECTO FINAL NUEVO.csproj", "{4A6CA981-DBFA-4CCD-8AF6-D309AD62DA84}"
EndProject
Global
	GlobalSection(SolutionConfigurationPlatforms) = preSolution
		Debug|Any CPU = Debug|Any CPU
		Release|Any CPU = Release|Any CPU
	EndGlobalSection
	GlobalSection(ProjectConfigurationPlatforms) = postSolution
		{4A6CA981-DBFA-4CCD-8AF6-D309AD62DA84}.Debug|Any CPU.ActiveCfg = Debug|Any CPU
		{4A6CA981-DBFA-4CCD-8AF6-D309AD62DA84}.Debug|Any CPU.Build.0 = Debug|Any CPU
		{4A6CA981-DBFA-4CCD-8AF6-D309AD62DA84}.Release|Any CPU.ActiveCfg = Release|Any CPU
		{4A6CA981-DBFA-4CCD-8AF6-D309AD62DA84}.Release|Any CPU.Build.0 = Release|Any CPU
	EndGlobalSection
	GlobalSection(SolutionProperties) = preSolution
		HideSolutionNode = FALSE
	EndGlobalSection
	GlobalSection(ExtensibilityGlobals) = postSolution
		SolutionGuid = {ECE380BD-6FB3-40CE-8A1D-A99CD5FA4697}
	EndGlobalSection
EndGlobal
